// !$*UTF8*$!
{
	archiveVersion = 1;
	classes = {
	};
	objectVersion = 50;
	objects = {

/* Begin PBXBuildFile section */
		7656D233220717CD00E5FB2A /* version.h in Headers */ = {isa = PBXBuildFile; fileRef = 7656D1B4220717CD00E5FB2A /* version.h */; };
		7656D234220717CD00E5FB2A /* postprocess.h in Headers */ = {isa = PBXBuildFile; fileRef = 7656D1B5220717CD00E5FB2A /* postprocess.h */; };
		7656D235220717CD00E5FB2A /* version.h in Headers */ = {isa = PBXBuildFile; fileRef = 7656D1B7220717CD00E5FB2A /* version.h */; };
		7656D236220717CD00E5FB2A /* buffersrc.h in Headers */ = {isa = PBXBuildFile; fileRef = 7656D1B8220717CD00E5FB2A /* buffersrc.h */; };
		7656D237220717CD00E5FB2A /* buffersink.h in Headers */ = {isa = PBXBuildFile; fileRef = 7656D1B9220717CD00E5FB2A /* buffersink.h */; };
		7656D238220717CD00E5FB2A /* avfilter.h in Headers */ = {isa = PBXBuildFile; fileRef = 7656D1BA220717CD00E5FB2A /* avfilter.h */; };
		7656D239220717CD00E5FB2A /* avfiltergraph.h in Headers */ = {isa = PBXBuildFile; fileRef = 7656D1BB220717CD00E5FB2A /* avfiltergraph.h */; };
		7656D23A220717CD00E5FB2A /* hwcontext.h in Headers */ = {isa = PBXBuildFile; fileRef = 7656D1BD220717CD00E5FB2A /* hwcontext.h */; };
		7656D23B220717CD00E5FB2A /* time.h in Headers */ = {isa = PBXBuildFile; fileRef = 7656D1BE220717CD00E5FB2A /* time.h */; };
		7656D23C220717CD00E5FB2A /* hwcontext_cuda.h in Headers */ = {isa = PBXBuildFile; fileRef = 7656D1BF220717CD00E5FB2A /* hwcontext_cuda.h */; };
		7656D23D220717CD00E5FB2A /* intfloat.h in Headers */ = {isa = PBXBuildFile; fileRef = 7656D1C0220717CD00E5FB2A /* intfloat.h */; };
		7656D23E220717CD00E5FB2A /* error.h in Headers */ = {isa = PBXBuildFile; fileRef = 7656D1C1220717CD00E5FB2A /* error.h */; };
		7656D23F220717CD00E5FB2A /* fifo.h in Headers */ = {isa = PBXBuildFile; fileRef = 7656D1C2220717CD00E5FB2A /* fifo.h */; };
		7656D240220717CD00E5FB2A /* blowfish.h in Headers */ = {isa = PBXBuildFile; fileRef = 7656D1C3220717CD00E5FB2A /* blowfish.h */; };
		7656D241220717CD00E5FB2A /* replaygain.h in Headers */ = {isa = PBXBuildFile; fileRef = 7656D1C4220717CD00E5FB2A /* replaygain.h */; };
		7656D242220717CD00E5FB2A /* version.h in Headers */ = {isa = PBXBuildFile; fileRef = 7656D1C5220717CD00E5FB2A /* version.h */; };
		7656D243220717CD00E5FB2A /* murmur3.h in Headers */ = {isa = PBXBuildFile; fileRef = 7656D1C6220717CD00E5FB2A /* murmur3.h */; };
		7656D244220717CD00E5FB2A /* stereo3d.h in Headers */ = {isa = PBXBuildFile; fileRef = 7656D1C7220717CD00E5FB2A /* stereo3d.h */; };
		7656D245220717CD00E5FB2A /* samplefmt.h in Headers */ = {isa = PBXBuildFile; fileRef = 7656D1C8220717CD00E5FB2A /* samplefmt.h */; };
		7656D246220717CD00E5FB2A /* pixdesc.h in Headers */ = {isa = PBXBuildFile; fileRef = 7656D1C9220717CD00E5FB2A /* pixdesc.h */; };
		7656D247220717CD00E5FB2A /* base64.h in Headers */ = {isa = PBXBuildFile; fileRef = 7656D1CA220717CD00E5FB2A /* base64.h */; };
		7656D248220717CD00E5FB2A /* rational.h in Headers */ = {isa = PBXBuildFile; fileRef = 7656D1CB220717CD00E5FB2A /* rational.h */; };
		7656D249220717CD00E5FB2A /* sha.h in Headers */ = {isa = PBXBuildFile; fileRef = 7656D1CC220717CD00E5FB2A /* sha.h */; };
		7656D24A220717CD00E5FB2A /* motion_vector.h in Headers */ = {isa = PBXBuildFile; fileRef = 7656D1CD220717CD00E5FB2A /* motion_vector.h */; };
		7656D24B220717CD00E5FB2A /* avconfig.h in Headers */ = {isa = PBXBuildFile; fileRef = 7656D1CE220717CD00E5FB2A /* avconfig.h */; };
		7656D24C220717CD00E5FB2A /* lfg.h in Headers */ = {isa = PBXBuildFile; fileRef = 7656D1CF220717CD00E5FB2A /* lfg.h */; };
		7656D24D220717CD00E5FB2A /* avutil.h in Headers */ = {isa = PBXBuildFile; fileRef = 7656D1D0220717CD00E5FB2A /* avutil.h */; };
		7656D24E220717CD00E5FB2A /* xtea.h in Headers */ = {isa = PBXBuildFile; fileRef = 7656D1D1220717CD00E5FB2A /* xtea.h */; };
		7656D24F220717CD00E5FB2A /* crc.h in Headers */ = {isa = PBXBuildFile; fileRef = 7656D1D2220717CD00E5FB2A /* crc.h */; };
		7656D250220717CD00E5FB2A /* hwcontext_vdpau.h in Headers */ = {isa = PBXBuildFile; fileRef = 7656D1D3220717CD00E5FB2A /* hwcontext_vdpau.h */; };
		7656D251220717CD00E5FB2A /* frame.h in Headers */ = {isa = PBXBuildFile; fileRef = 7656D1D4220717CD00E5FB2A /* frame.h */; };
		7656D252220717CD00E5FB2A /* file.h in Headers */ = {isa = PBXBuildFile; fileRef = 7656D1D5220717CD00E5FB2A /* file.h */; };
		7656D253220717CD00E5FB2A /* md5.h in Headers */ = {isa = PBXBuildFile; fileRef = 7656D1D6220717CD00E5FB2A /* md5.h */; };
		7656D254220717CD00E5FB2A /* cast5.h in Headers */ = {isa = PBXBuildFile; fileRef = 7656D1D7220717CD00E5FB2A /* cast5.h */; };
		7656D255220717CD00E5FB2A /* hwcontext_vaapi.h in Headers */ = {isa = PBXBuildFile; fileRef = 7656D1D8220717CD00E5FB2A /* hwcontext_vaapi.h */; };
		7656D256220717CD00E5FB2A /* spherical.h in Headers */ = {isa = PBXBuildFile; fileRef = 7656D1D9220717CD00E5FB2A /* spherical.h */; };
		7656D257220717CD00E5FB2A /* ffversion.h in Headers */ = {isa = PBXBuildFile; fileRef = 7656D1DA220717CD00E5FB2A /* ffversion.h */; };
		7656D258220717CD00E5FB2A /* audio_fifo.h in Headers */ = {isa = PBXBuildFile; fileRef = 7656D1DB220717CD00E5FB2A /* audio_fifo.h */; };
		7656D259220717CD00E5FB2A /* tree.h in Headers */ = {isa = PBXBuildFile; fileRef = 7656D1DC220717CD00E5FB2A /* tree.h */; };
		7656D25A220717CD00E5FB2A /* threadmessage.h in Headers */ = {isa = PBXBuildFile; fileRef = 7656D1DD220717CD00E5FB2A /* threadmessage.h */; };
		7656D25B220717CE00E5FB2A /* attributes.h in Headers */ = {isa = PBXBuildFile; fileRef = 7656D1DE220717CD00E5FB2A /* attributes.h */; };
		7656D25C220717CE00E5FB2A /* adler32.h in Headers */ = {isa = PBXBuildFile; fileRef = 7656D1DF220717CD00E5FB2A /* adler32.h */; };
		7656D25D220717CE00E5FB2A /* hwcontext_d3d11va.h in Headers */ = {isa = PBXBuildFile; fileRef = 7656D1E0220717CD00E5FB2A /* hwcontext_d3d11va.h */; };
		7656D25E220717CE00E5FB2A /* timecode.h in Headers */ = {isa = PBXBuildFile; fileRef = 7656D1E1220717CD00E5FB2A /* timecode.h */; };
		7656D25F220717CE00E5FB2A /* sha512.h in Headers */ = {isa = PBXBuildFile; fileRef = 7656D1E2220717CD00E5FB2A /* sha512.h */; };
		7656D260220717CE00E5FB2A /* hwcontext_dxva2.h in Headers */ = {isa = PBXBuildFile; fileRef = 7656D1E3220717CD00E5FB2A /* hwcontext_dxva2.h */; };
		7656D261220717CE00E5FB2A /* display.h in Headers */ = {isa = PBXBuildFile; fileRef = 7656D1E4220717CD00E5FB2A /* display.h */; };
		7656D262220717CE00E5FB2A /* buffer.h in Headers */ = {isa = PBXBuildFile; fileRef = 7656D1E5220717CD00E5FB2A /* buffer.h */; };
		7656D263220717CE00E5FB2A /* camellia.h in Headers */ = {isa = PBXBuildFile; fileRef = 7656D1E6220717CD00E5FB2A /* camellia.h */; };
		7656D264220717CE00E5FB2A /* pixelutils.h in Headers */ = {isa = PBXBuildFile; fileRef = 7656D1E7220717CD00E5FB2A /* pixelutils.h */; };
		7656D265220717CE00E5FB2A /* hwcontext_drm.h in Headers */ = {isa = PBXBuildFile; fileRef = 7656D1E8220717CD00E5FB2A /* hwcontext_drm.h */; };
		7656D266220717CE00E5FB2A /* common.h in Headers */ = {isa = PBXBuildFile; fileRef = 7656D1E9220717CD00E5FB2A /* common.h */; };
		7656D267220717CE00E5FB2A /* hmac.h in Headers */ = {isa = PBXBuildFile; fileRef = 7656D1EA220717CD00E5FB2A /* hmac.h */; };
		7656D268220717CE00E5FB2A /* eval.h in Headers */ = {isa = PBXBuildFile; fileRef = 7656D1EB220717CD00E5FB2A /* eval.h */; };
		7656D269220717CE00E5FB2A /* dict.h in Headers */ = {isa = PBXBuildFile; fileRef = 7656D1EC220717CD00E5FB2A /* dict.h */; };
		7656D26A220717CE00E5FB2A /* random_seed.h in Headers */ = {isa = PBXBuildFile; fileRef = 7656D1ED220717CD00E5FB2A /* random_seed.h */; };
		7656D26B220717CE00E5FB2A /* opt.h in Headers */ = {isa = PBXBuildFile; fileRef = 7656D1EE220717CD00E5FB2A /* opt.h */; };
		7656D26C220717CE00E5FB2A /* mastering_display_metadata.h in Headers */ = {isa = PBXBuildFile; fileRef = 7656D1EF220717CD00E5FB2A /* mastering_display_metadata.h */; };
		7656D26D220717CE00E5FB2A /* log.h in Headers */ = {isa = PBXBuildFile; fileRef = 7656D1F0220717CD00E5FB2A /* log.h */; };
		7656D26E220717CE00E5FB2A /* aes.h in Headers */ = {isa = PBXBuildFile; fileRef = 7656D1F1220717CD00E5FB2A /* aes.h */; };
		7656D26F220717CE00E5FB2A /* macros.h in Headers */ = {isa = PBXBuildFile; fileRef = 7656D1F2220717CD00E5FB2A /* macros.h */; };
		7656D270220717CE00E5FB2A /* bswap.h in Headers */ = {isa = PBXBuildFile; fileRef = 7656D1F3220717CD00E5FB2A /* bswap.h */; };
		7656D271220717CE00E5FB2A /* rc4.h in Headers */ = {isa = PBXBuildFile; fileRef = 7656D1F4220717CD00E5FB2A /* rc4.h */; };
		7656D272220717CE00E5FB2A /* tea.h in Headers */ = {isa = PBXBuildFile; fileRef = 7656D1F5220717CD00E5FB2A /* tea.h */; };
		7656D273220717CE00E5FB2A /* cpu.h in Headers */ = {isa = PBXBuildFile; fileRef = 7656D1F6220717CD00E5FB2A /* cpu.h */; };
		7656D274220717CE00E5FB2A /* lzo.h in Headers */ = {isa = PBXBuildFile; fileRef = 7656D1F7220717CD00E5FB2A /* lzo.h */; };
		7656D275220717CE00E5FB2A /* des.h in Headers */ = {isa = PBXBuildFile; fileRef = 7656D1F8220717CD00E5FB2A /* des.h */; };
		7656D276220717CE00E5FB2A /* channel_layout.h in Headers */ = {isa = PBXBuildFile; fileRef = 7656D1F9220717CD00E5FB2A /* channel_layout.h */; };
		7656D277220717CE00E5FB2A /* twofish.h in Headers */ = {isa = PBXBuildFile; fileRef = 7656D1FA220717CD00E5FB2A /* twofish.h */; };
		7656D278220717CE00E5FB2A /* imgutils.h in Headers */ = {isa = PBXBuildFile; fileRef = 7656D1FB220717CD00E5FB2A /* imgutils.h */; };
		7656D279220717CE00E5FB2A /* hwcontext_videotoolbox.h in Headers */ = {isa = PBXBuildFile; fileRef = 7656D1FC220717CD00E5FB2A /* hwcontext_videotoolbox.h */; };
		7656D27A220717CE00E5FB2A /* mem.h in Headers */ = {isa = PBXBuildFile; fileRef = 7656D1FD220717CD00E5FB2A /* mem.h */; };
		7656D27B220717CE00E5FB2A /* parseutils.h in Headers */ = {isa = PBXBuildFile; fileRef = 7656D1FE220717CD00E5FB2A /* parseutils.h */; };
		7656D27C220717CE00E5FB2A /* ripemd.h in Headers */ = {isa = PBXBuildFile; fileRef = 7656D1FF220717CD00E5FB2A /* ripemd.h */; };
		7656D27D220717CE00E5FB2A /* bprint.h in Headers */ = {isa = PBXBuildFile; fileRef = 7656D200220717CD00E5FB2A /* bprint.h */; };
		7656D27E220717CE00E5FB2A /* hwcontext_qsv.h in Headers */ = {isa = PBXBuildFile; fileRef = 7656D201220717CD00E5FB2A /* hwcontext_qsv.h */; };
		7656D27F220717CE00E5FB2A /* pixfmt.h in Headers */ = {isa = PBXBuildFile; fileRef = 7656D202220717CD00E5FB2A /* pixfmt.h */; };
		7656D280220717CE00E5FB2A /* aes_ctr.h in Headers */ = {isa = PBXBuildFile; fileRef = 7656D203220717CD00E5FB2A /* aes_ctr.h */; };
		7656D281220717CE00E5FB2A /* timestamp.h in Headers */ = {isa = PBXBuildFile; fileRef = 7656D204220717CD00E5FB2A /* timestamp.h */; };
		7656D282220717CE00E5FB2A /* downmix_info.h in Headers */ = {isa = PBXBuildFile; fileRef = 7656D205220717CD00E5FB2A /* downmix_info.h */; };
		7656D283220717CE00E5FB2A /* avassert.h in Headers */ = {isa = PBXBuildFile; fileRef = 7656D206220717CD00E5FB2A /* avassert.h */; };
		7656D284220717CE00E5FB2A /* hash.h in Headers */ = {isa = PBXBuildFile; fileRef = 7656D207220717CD00E5FB2A /* hash.h */; };
		7656D285220717CE00E5FB2A /* mathematics.h in Headers */ = {isa = PBXBuildFile; fileRef = 7656D208220717CD00E5FB2A /* mathematics.h */; };
		7656D286220717CE00E5FB2A /* intreadwrite.h in Headers */ = {isa = PBXBuildFile; fileRef = 7656D209220717CD00E5FB2A /* intreadwrite.h */; };
		7656D287220717CE00E5FB2A /* avstring.h in Headers */ = {isa = PBXBuildFile; fileRef = 7656D20A220717CD00E5FB2A /* avstring.h */; };
		7656D288220717CE00E5FB2A /* version.h in Headers */ = {isa = PBXBuildFile; fileRef = 7656D20C220717CD00E5FB2A /* version.h */; };
		7656D289220717CE00E5FB2A /* avdevice.h in Headers */ = {isa = PBXBuildFile; fileRef = 7656D20D220717CD00E5FB2A /* avdevice.h */; };
		7656D28A220717CE00E5FB2A /* version.h in Headers */ = {isa = PBXBuildFile; fileRef = 7656D20F220717CD00E5FB2A /* version.h */; };
		7656D28B220717CE00E5FB2A /* avio.h in Headers */ = {isa = PBXBuildFile; fileRef = 7656D210220717CD00E5FB2A /* avio.h */; };
		7656D28C220717CE00E5FB2A /* avformat.h in Headers */ = {isa = PBXBuildFile; fileRef = 7656D211220717CD00E5FB2A /* avformat.h */; };
		7656D28D220717CE00E5FB2A /* version.h in Headers */ = {isa = PBXBuildFile; fileRef = 7656D213220717CD00E5FB2A /* version.h */; };
		7656D28E220717CE00E5FB2A /* swscale.h in Headers */ = {isa = PBXBuildFile; fileRef = 7656D214220717CD00E5FB2A /* swscale.h */; };
		7656D28F220717CE00E5FB2A /* avcodec.h in Headers */ = {isa = PBXBuildFile; fileRef = 7656D216220717CD00E5FB2A /* avcodec.h */; };
		7656D290220717CE00E5FB2A /* version.h in Headers */ = {isa = PBXBuildFile; fileRef = 7656D217220717CD00E5FB2A /* version.h */; };
		7656D291220717CE00E5FB2A /* vdpau.h in Headers */ = {isa = PBXBuildFile; fileRef = 7656D218220717CD00E5FB2A /* vdpau.h */; };
		7656D292220717CE00E5FB2A /* qsv.h in Headers */ = {isa = PBXBuildFile; fileRef = 7656D219220717CD00E5FB2A /* qsv.h */; };
		7656D293220717CE00E5FB2A /* vaapi.h in Headers */ = {isa = PBXBuildFile; fileRef = 7656D21A220717CD00E5FB2A /* vaapi.h */; };
		7656D294220717CE00E5FB2A /* videotoolbox.h in Headers */ = {isa = PBXBuildFile; fileRef = 7656D21B220717CD00E5FB2A /* videotoolbox.h */; };
		7656D295220717CE00E5FB2A /* xvmc.h in Headers */ = {isa = PBXBuildFile; fileRef = 7656D21C220717CD00E5FB2A /* xvmc.h */; };
		7656D296220717CE00E5FB2A /* mediacodec.h in Headers */ = {isa = PBXBuildFile; fileRef = 7656D21D220717CD00E5FB2A /* mediacodec.h */; };
		7656D297220717CE00E5FB2A /* d3d11va.h in Headers */ = {isa = PBXBuildFile; fileRef = 7656D21E220717CD00E5FB2A /* d3d11va.h */; };
		7656D298220717CE00E5FB2A /* avfft.h in Headers */ = {isa = PBXBuildFile; fileRef = 7656D21F220717CD00E5FB2A /* avfft.h */; };
		7656D299220717CE00E5FB2A /* vda.h in Headers */ = {isa = PBXBuildFile; fileRef = 7656D220220717CD00E5FB2A /* vda.h */; };
		7656D29A220717CE00E5FB2A /* jni.h in Headers */ = {isa = PBXBuildFile; fileRef = 7656D221220717CD00E5FB2A /* jni.h */; };
		7656D29B220717CE00E5FB2A /* dirac.h in Headers */ = {isa = PBXBuildFile; fileRef = 7656D222220717CD00E5FB2A /* dirac.h */; };
		7656D29C220717CE00E5FB2A /* avdct.h in Headers */ = {isa = PBXBuildFile; fileRef = 7656D223220717CD00E5FB2A /* avdct.h */; };
		7656D29D220717CE00E5FB2A /* vorbis_parser.h in Headers */ = {isa = PBXBuildFile; fileRef = 7656D224220717CD00E5FB2A /* vorbis_parser.h */; };
		7656D29E220717CE00E5FB2A /* dxva2.h in Headers */ = {isa = PBXBuildFile; fileRef = 7656D225220717CD00E5FB2A /* dxva2.h */; };
		7656D29F220717CE00E5FB2A /* dv_profile.h in Headers */ = {isa = PBXBuildFile; fileRef = 7656D226220717CD00E5FB2A /* dv_profile.h */; };
		7656D2A0220717CE00E5FB2A /* version.h in Headers */ = {isa = PBXBuildFile; fileRef = 7656D228220717CD00E5FB2A /* version.h */; };
		7656D2A1220717CE00E5FB2A /* swresample.h in Headers */ = {isa = PBXBuildFile; fileRef = 7656D229220717CD00E5FB2A /* swresample.h */; };
		7656D2A2220717CE00E5FB2A /* libavutil.a in Frameworks */ = {isa = PBXBuildFile; fileRef = 7656D22B220717CD00E5FB2A /* libavutil.a */; };
		7656D2A3220717CE00E5FB2A /* libavfilter.a in Frameworks */ = {isa = PBXBuildFile; fileRef = 7656D22C220717CD00E5FB2A /* libavfilter.a */; };
		7656D2A4220717CE00E5FB2A /* libavcodec.a in Frameworks */ = {isa = PBXBuildFile; fileRef = 7656D22D220717CD00E5FB2A /* libavcodec.a */; };
		7656D2A5220717CE00E5FB2A /* libpostproc.a in Frameworks */ = {isa = PBXBuildFile; fileRef = 7656D22E220717CD00E5FB2A /* libpostproc.a */; };
		7656D2A6220717CE00E5FB2A /* libavformat.a in Frameworks */ = {isa = PBXBuildFile; fileRef = 7656D22F220717CD00E5FB2A /* libavformat.a */; };
		7656D2A7220717CE00E5FB2A /* libavdevice.a in Frameworks */ = {isa = PBXBuildFile; fileRef = 7656D230220717CD00E5FB2A /* libavdevice.a */; };
		7656D2A8220717CE00E5FB2A /* libswresample.a in Frameworks */ = {isa = PBXBuildFile; fileRef = 7656D231220717CD00E5FB2A /* libswresample.a */; };
		7656D2A9220717CE00E5FB2A /* libswscale.a in Frameworks */ = {isa = PBXBuildFile; fileRef = 7656D232220717CD00E5FB2A /* libswscale.a */; };
		76D7E7CF2207085F00B994E4 /* Yuu.h in Headers */ = {isa = PBXBuildFile; fileRef = 76D7E7CD2207085F00B994E4 /* Yuu.h */; settings = {ATTRIBUTES = (Public, ); }; };
		76D7E7D62207087C00B994E4 /* Render.swift in Sources */ = {isa = PBXBuildFile; fileRef = 76D7E7D52207087C00B994E4 /* Render.swift */; };
		76D7E7DF22070C7D00B994E4 /* Mapping.metal in Sources */ = {isa = PBXBuildFile; fileRef = 76D7E7DE22070C7D00B994E4 /* Mapping.metal */; };
		76D7E7E122070EBF00B994E4 /* SCShaderType.h in Headers */ = {isa = PBXBuildFile; fileRef = 76D7E7E022070C8700B994E4 /* SCShaderType.h */; settings = {ATTRIBUTES = (Public, ); }; };
/* End PBXBuildFile section */

/* Begin PBXFileReference section */
		7656D1B4220717CD00E5FB2A /* version.h */ = {isa = PBXFileReference; fileEncoding = 4; lastKnownFileType = sourcecode.c.h; path = version.h; sourceTree = "<group>"; };
		7656D1B5220717CD00E5FB2A /* postprocess.h */ = {isa = PBXFileReference; fileEncoding = 4; lastKnownFileType = sourcecode.c.h; path = postprocess.h; sourceTree = "<group>"; };
		7656D1B7220717CD00E5FB2A /* version.h */ = {isa = PBXFileReference; fileEncoding = 4; lastKnownFileType = sourcecode.c.h; path = version.h; sourceTree = "<group>"; };
		7656D1B8220717CD00E5FB2A /* buffersrc.h */ = {isa = PBXFileReference; fileEncoding = 4; lastKnownFileType = sourcecode.c.h; path = buffersrc.h; sourceTree = "<group>"; };
		7656D1B9220717CD00E5FB2A /* buffersink.h */ = {isa = PBXFileReference; fileEncoding = 4; lastKnownFileType = sourcecode.c.h; path = buffersink.h; sourceTree = "<group>"; };
		7656D1BA220717CD00E5FB2A /* avfilter.h */ = {isa = PBXFileReference; fileEncoding = 4; lastKnownFileType = sourcecode.c.h; path = avfilter.h; sourceTree = "<group>"; };
		7656D1BB220717CD00E5FB2A /* avfiltergraph.h */ = {isa = PBXFileReference; fileEncoding = 4; lastKnownFileType = sourcecode.c.h; path = avfiltergraph.h; sourceTree = "<group>"; };
		7656D1BD220717CD00E5FB2A /* hwcontext.h */ = {isa = PBXFileReference; fileEncoding = 4; lastKnownFileType = sourcecode.c.h; path = hwcontext.h; sourceTree = "<group>"; };
		7656D1BE220717CD00E5FB2A /* time.h */ = {isa = PBXFileReference; fileEncoding = 4; lastKnownFileType = sourcecode.c.h; path = time.h; sourceTree = "<group>"; };
		7656D1BF220717CD00E5FB2A /* hwcontext_cuda.h */ = {isa = PBXFileReference; fileEncoding = 4; lastKnownFileType = sourcecode.c.h; path = hwcontext_cuda.h; sourceTree = "<group>"; };
		7656D1C0220717CD00E5FB2A /* intfloat.h */ = {isa = PBXFileReference; fileEncoding = 4; lastKnownFileType = sourcecode.c.h; path = intfloat.h; sourceTree = "<group>"; };
		7656D1C1220717CD00E5FB2A /* error.h */ = {isa = PBXFileReference; fileEncoding = 4; lastKnownFileType = sourcecode.c.h; path = error.h; sourceTree = "<group>"; };
		7656D1C2220717CD00E5FB2A /* fifo.h */ = {isa = PBXFileReference; fileEncoding = 4; lastKnownFileType = sourcecode.c.h; path = fifo.h; sourceTree = "<group>"; };
		7656D1C3220717CD00E5FB2A /* blowfish.h */ = {isa = PBXFileReference; fileEncoding = 4; lastKnownFileType = sourcecode.c.h; path = blowfish.h; sourceTree = "<group>"; };
		7656D1C4220717CD00E5FB2A /* replaygain.h */ = {isa = PBXFileReference; fileEncoding = 4; lastKnownFileType = sourcecode.c.h; path = replaygain.h; sourceTree = "<group>"; };
		7656D1C5220717CD00E5FB2A /* version.h */ = {isa = PBXFileReference; fileEncoding = 4; lastKnownFileType = sourcecode.c.h; path = version.h; sourceTree = "<group>"; };
		7656D1C6220717CD00E5FB2A /* murmur3.h */ = {isa = PBXFileReference; fileEncoding = 4; lastKnownFileType = sourcecode.c.h; path = murmur3.h; sourceTree = "<group>"; };
		7656D1C7220717CD00E5FB2A /* stereo3d.h */ = {isa = PBXFileReference; fileEncoding = 4; lastKnownFileType = sourcecode.c.h; path = stereo3d.h; sourceTree = "<group>"; };
		7656D1C8220717CD00E5FB2A /* samplefmt.h */ = {isa = PBXFileReference; fileEncoding = 4; lastKnownFileType = sourcecode.c.h; path = samplefmt.h; sourceTree = "<group>"; };
		7656D1C9220717CD00E5FB2A /* pixdesc.h */ = {isa = PBXFileReference; fileEncoding = 4; lastKnownFileType = sourcecode.c.h; path = pixdesc.h; sourceTree = "<group>"; };
		7656D1CA220717CD00E5FB2A /* base64.h */ = {isa = PBXFileReference; fileEncoding = 4; lastKnownFileType = sourcecode.c.h; path = base64.h; sourceTree = "<group>"; };
		7656D1CB220717CD00E5FB2A /* rational.h */ = {isa = PBXFileReference; fileEncoding = 4; lastKnownFileType = sourcecode.c.h; path = rational.h; sourceTree = "<group>"; };
		7656D1CC220717CD00E5FB2A /* sha.h */ = {isa = PBXFileReference; fileEncoding = 4; lastKnownFileType = sourcecode.c.h; path = sha.h; sourceTree = "<group>"; };
		7656D1CD220717CD00E5FB2A /* motion_vector.h */ = {isa = PBXFileReference; fileEncoding = 4; lastKnownFileType = sourcecode.c.h; path = motion_vector.h; sourceTree = "<group>"; };
		7656D1CE220717CD00E5FB2A /* avconfig.h */ = {isa = PBXFileReference; fileEncoding = 4; lastKnownFileType = sourcecode.c.h; path = avconfig.h; sourceTree = "<group>"; };
		7656D1CF220717CD00E5FB2A /* lfg.h */ = {isa = PBXFileReference; fileEncoding = 4; lastKnownFileType = sourcecode.c.h; path = lfg.h; sourceTree = "<group>"; };
		7656D1D0220717CD00E5FB2A /* avutil.h */ = {isa = PBXFileReference; fileEncoding = 4; lastKnownFileType = sourcecode.c.h; path = avutil.h; sourceTree = "<group>"; };
		7656D1D1220717CD00E5FB2A /* xtea.h */ = {isa = PBXFileReference; fileEncoding = 4; lastKnownFileType = sourcecode.c.h; path = xtea.h; sourceTree = "<group>"; };
		7656D1D2220717CD00E5FB2A /* crc.h */ = {isa = PBXFileReference; fileEncoding = 4; lastKnownFileType = sourcecode.c.h; path = crc.h; sourceTree = "<group>"; };
		7656D1D3220717CD00E5FB2A /* hwcontext_vdpau.h */ = {isa = PBXFileReference; fileEncoding = 4; lastKnownFileType = sourcecode.c.h; path = hwcontext_vdpau.h; sourceTree = "<group>"; };
		7656D1D4220717CD00E5FB2A /* frame.h */ = {isa = PBXFileReference; fileEncoding = 4; lastKnownFileType = sourcecode.c.h; path = frame.h; sourceTree = "<group>"; };
		7656D1D5220717CD00E5FB2A /* file.h */ = {isa = PBXFileReference; fileEncoding = 4; lastKnownFileType = sourcecode.c.h; path = file.h; sourceTree = "<group>"; };
		7656D1D6220717CD00E5FB2A /* md5.h */ = {isa = PBXFileReference; fileEncoding = 4; lastKnownFileType = sourcecode.c.h; path = md5.h; sourceTree = "<group>"; };
		7656D1D7220717CD00E5FB2A /* cast5.h */ = {isa = PBXFileReference; fileEncoding = 4; lastKnownFileType = sourcecode.c.h; path = cast5.h; sourceTree = "<group>"; };
		7656D1D8220717CD00E5FB2A /* hwcontext_vaapi.h */ = {isa = PBXFileReference; fileEncoding = 4; lastKnownFileType = sourcecode.c.h; path = hwcontext_vaapi.h; sourceTree = "<group>"; };
		7656D1D9220717CD00E5FB2A /* spherical.h */ = {isa = PBXFileReference; fileEncoding = 4; lastKnownFileType = sourcecode.c.h; path = spherical.h; sourceTree = "<group>"; };
		7656D1DA220717CD00E5FB2A /* ffversion.h */ = {isa = PBXFileReference; fileEncoding = 4; lastKnownFileType = sourcecode.c.h; path = ffversion.h; sourceTree = "<group>"; };
		7656D1DB220717CD00E5FB2A /* audio_fifo.h */ = {isa = PBXFileReference; fileEncoding = 4; lastKnownFileType = sourcecode.c.h; path = audio_fifo.h; sourceTree = "<group>"; };
		7656D1DC220717CD00E5FB2A /* tree.h */ = {isa = PBXFileReference; fileEncoding = 4; lastKnownFileType = sourcecode.c.h; path = tree.h; sourceTree = "<group>"; };
		7656D1DD220717CD00E5FB2A /* threadmessage.h */ = {isa = PBXFileReference; fileEncoding = 4; lastKnownFileType = sourcecode.c.h; path = threadmessage.h; sourceTree = "<group>"; };
		7656D1DE220717CD00E5FB2A /* attributes.h */ = {isa = PBXFileReference; fileEncoding = 4; lastKnownFileType = sourcecode.c.h; path = attributes.h; sourceTree = "<group>"; };
		7656D1DF220717CD00E5FB2A /* adler32.h */ = {isa = PBXFileReference; fileEncoding = 4; lastKnownFileType = sourcecode.c.h; path = adler32.h; sourceTree = "<group>"; };
		7656D1E0220717CD00E5FB2A /* hwcontext_d3d11va.h */ = {isa = PBXFileReference; fileEncoding = 4; lastKnownFileType = sourcecode.c.h; path = hwcontext_d3d11va.h; sourceTree = "<group>"; };
		7656D1E1220717CD00E5FB2A /* timecode.h */ = {isa = PBXFileReference; fileEncoding = 4; lastKnownFileType = sourcecode.c.h; path = timecode.h; sourceTree = "<group>"; };
		7656D1E2220717CD00E5FB2A /* sha512.h */ = {isa = PBXFileReference; fileEncoding = 4; lastKnownFileType = sourcecode.c.h; path = sha512.h; sourceTree = "<group>"; };
		7656D1E3220717CD00E5FB2A /* hwcontext_dxva2.h */ = {isa = PBXFileReference; fileEncoding = 4; lastKnownFileType = sourcecode.c.h; path = hwcontext_dxva2.h; sourceTree = "<group>"; };
		7656D1E4220717CD00E5FB2A /* display.h */ = {isa = PBXFileReference; fileEncoding = 4; lastKnownFileType = sourcecode.c.h; path = display.h; sourceTree = "<group>"; };
		7656D1E5220717CD00E5FB2A /* buffer.h */ = {isa = PBXFileReference; fileEncoding = 4; lastKnownFileType = sourcecode.c.h; path = buffer.h; sourceTree = "<group>"; };
		7656D1E6220717CD00E5FB2A /* camellia.h */ = {isa = PBXFileReference; fileEncoding = 4; lastKnownFileType = sourcecode.c.h; path = camellia.h; sourceTree = "<group>"; };
		7656D1E7220717CD00E5FB2A /* pixelutils.h */ = {isa = PBXFileReference; fileEncoding = 4; lastKnownFileType = sourcecode.c.h; path = pixelutils.h; sourceTree = "<group>"; };
		7656D1E8220717CD00E5FB2A /* hwcontext_drm.h */ = {isa = PBXFileReference; fileEncoding = 4; lastKnownFileType = sourcecode.c.h; path = hwcontext_drm.h; sourceTree = "<group>"; };
		7656D1E9220717CD00E5FB2A /* common.h */ = {isa = PBXFileReference; fileEncoding = 4; lastKnownFileType = sourcecode.c.h; path = common.h; sourceTree = "<group>"; };
		7656D1EA220717CD00E5FB2A /* hmac.h */ = {isa = PBXFileReference; fileEncoding = 4; lastKnownFileType = sourcecode.c.h; path = hmac.h; sourceTree = "<group>"; };
		7656D1EB220717CD00E5FB2A /* eval.h */ = {isa = PBXFileReference; fileEncoding = 4; lastKnownFileType = sourcecode.c.h; path = eval.h; sourceTree = "<group>"; };
		7656D1EC220717CD00E5FB2A /* dict.h */ = {isa = PBXFileReference; fileEncoding = 4; lastKnownFileType = sourcecode.c.h; path = dict.h; sourceTree = "<group>"; };
		7656D1ED220717CD00E5FB2A /* random_seed.h */ = {isa = PBXFileReference; fileEncoding = 4; lastKnownFileType = sourcecode.c.h; path = random_seed.h; sourceTree = "<group>"; };
		7656D1EE220717CD00E5FB2A /* opt.h */ = {isa = PBXFileReference; fileEncoding = 4; lastKnownFileType = sourcecode.c.h; path = opt.h; sourceTree = "<group>"; };
		7656D1EF220717CD00E5FB2A /* mastering_display_metadata.h */ = {isa = PBXFileReference; fileEncoding = 4; lastKnownFileType = sourcecode.c.h; path = mastering_display_metadata.h; sourceTree = "<group>"; };
		7656D1F0220717CD00E5FB2A /* log.h */ = {isa = PBXFileReference; fileEncoding = 4; lastKnownFileType = sourcecode.c.h; path = log.h; sourceTree = "<group>"; };
		7656D1F1220717CD00E5FB2A /* aes.h */ = {isa = PBXFileReference; fileEncoding = 4; lastKnownFileType = sourcecode.c.h; path = aes.h; sourceTree = "<group>"; };
		7656D1F2220717CD00E5FB2A /* macros.h */ = {isa = PBXFileReference; fileEncoding = 4; lastKnownFileType = sourcecode.c.h; path = macros.h; sourceTree = "<group>"; };
		7656D1F3220717CD00E5FB2A /* bswap.h */ = {isa = PBXFileReference; fileEncoding = 4; lastKnownFileType = sourcecode.c.h; path = bswap.h; sourceTree = "<group>"; };
		7656D1F4220717CD00E5FB2A /* rc4.h */ = {isa = PBXFileReference; fileEncoding = 4; lastKnownFileType = sourcecode.c.h; path = rc4.h; sourceTree = "<group>"; };
		7656D1F5220717CD00E5FB2A /* tea.h */ = {isa = PBXFileReference; fileEncoding = 4; lastKnownFileType = sourcecode.c.h; path = tea.h; sourceTree = "<group>"; };
		7656D1F6220717CD00E5FB2A /* cpu.h */ = {isa = PBXFileReference; fileEncoding = 4; lastKnownFileType = sourcecode.c.h; path = cpu.h; sourceTree = "<group>"; };
		7656D1F7220717CD00E5FB2A /* lzo.h */ = {isa = PBXFileReference; fileEncoding = 4; lastKnownFileType = sourcecode.c.h; path = lzo.h; sourceTree = "<group>"; };
		7656D1F8220717CD00E5FB2A /* des.h */ = {isa = PBXFileReference; fileEncoding = 4; lastKnownFileType = sourcecode.c.h; path = des.h; sourceTree = "<group>"; };
		7656D1F9220717CD00E5FB2A /* channel_layout.h */ = {isa = PBXFileReference; fileEncoding = 4; lastKnownFileType = sourcecode.c.h; path = channel_layout.h; sourceTree = "<group>"; };
		7656D1FA220717CD00E5FB2A /* twofish.h */ = {isa = PBXFileReference; fileEncoding = 4; lastKnownFileType = sourcecode.c.h; path = twofish.h; sourceTree = "<group>"; };
		7656D1FB220717CD00E5FB2A /* imgutils.h */ = {isa = PBXFileReference; fileEncoding = 4; lastKnownFileType = sourcecode.c.h; path = imgutils.h; sourceTree = "<group>"; };
		7656D1FC220717CD00E5FB2A /* hwcontext_videotoolbox.h */ = {isa = PBXFileReference; fileEncoding = 4; lastKnownFileType = sourcecode.c.h; path = hwcontext_videotoolbox.h; sourceTree = "<group>"; };
		7656D1FD220717CD00E5FB2A /* mem.h */ = {isa = PBXFileReference; fileEncoding = 4; lastKnownFileType = sourcecode.c.h; path = mem.h; sourceTree = "<group>"; };
		7656D1FE220717CD00E5FB2A /* parseutils.h */ = {isa = PBXFileReference; fileEncoding = 4; lastKnownFileType = sourcecode.c.h; path = parseutils.h; sourceTree = "<group>"; };
		7656D1FF220717CD00E5FB2A /* ripemd.h */ = {isa = PBXFileReference; fileEncoding = 4; lastKnownFileType = sourcecode.c.h; path = ripemd.h; sourceTree = "<group>"; };
		7656D200220717CD00E5FB2A /* bprint.h */ = {isa = PBXFileReference; fileEncoding = 4; lastKnownFileType = sourcecode.c.h; path = bprint.h; sourceTree = "<group>"; };
		7656D201220717CD00E5FB2A /* hwcontext_qsv.h */ = {isa = PBXFileReference; fileEncoding = 4; lastKnownFileType = sourcecode.c.h; path = hwcontext_qsv.h; sourceTree = "<group>"; };
		7656D202220717CD00E5FB2A /* pixfmt.h */ = {isa = PBXFileReference; fileEncoding = 4; lastKnownFileType = sourcecode.c.h; path = pixfmt.h; sourceTree = "<group>"; };
		7656D203220717CD00E5FB2A /* aes_ctr.h */ = {isa = PBXFileReference; fileEncoding = 4; lastKnownFileType = sourcecode.c.h; path = aes_ctr.h; sourceTree = "<group>"; };
		7656D204220717CD00E5FB2A /* timestamp.h */ = {isa = PBXFileReference; fileEncoding = 4; lastKnownFileType = sourcecode.c.h; path = timestamp.h; sourceTree = "<group>"; };
		7656D205220717CD00E5FB2A /* downmix_info.h */ = {isa = PBXFileReference; fileEncoding = 4; lastKnownFileType = sourcecode.c.h; path = downmix_info.h; sourceTree = "<group>"; };
		7656D206220717CD00E5FB2A /* avassert.h */ = {isa = PBXFileReference; fileEncoding = 4; lastKnownFileType = sourcecode.c.h; path = avassert.h; sourceTree = "<group>"; };
		7656D207220717CD00E5FB2A /* hash.h */ = {isa = PBXFileReference; fileEncoding = 4; lastKnownFileType = sourcecode.c.h; path = hash.h; sourceTree = "<group>"; };
		7656D208220717CD00E5FB2A /* mathematics.h */ = {isa = PBXFileReference; fileEncoding = 4; lastKnownFileType = sourcecode.c.h; path = mathematics.h; sourceTree = "<group>"; };
		7656D209220717CD00E5FB2A /* intreadwrite.h */ = {isa = PBXFileReference; fileEncoding = 4; lastKnownFileType = sourcecode.c.h; path = intreadwrite.h; sourceTree = "<group>"; };
		7656D20A220717CD00E5FB2A /* avstring.h */ = {isa = PBXFileReference; fileEncoding = 4; lastKnownFileType = sourcecode.c.h; path = avstring.h; sourceTree = "<group>"; };
		7656D20C220717CD00E5FB2A /* version.h */ = {isa = PBXFileReference; fileEncoding = 4; lastKnownFileType = sourcecode.c.h; path = version.h; sourceTree = "<group>"; };
		7656D20D220717CD00E5FB2A /* avdevice.h */ = {isa = PBXFileReference; fileEncoding = 4; lastKnownFileType = sourcecode.c.h; path = avdevice.h; sourceTree = "<group>"; };
		7656D20F220717CD00E5FB2A /* version.h */ = {isa = PBXFileReference; fileEncoding = 4; lastKnownFileType = sourcecode.c.h; path = version.h; sourceTree = "<group>"; };
		7656D210220717CD00E5FB2A /* avio.h */ = {isa = PBXFileReference; fileEncoding = 4; lastKnownFileType = sourcecode.c.h; path = avio.h; sourceTree = "<group>"; };
		7656D211220717CD00E5FB2A /* avformat.h */ = {isa = PBXFileReference; fileEncoding = 4; lastKnownFileType = sourcecode.c.h; path = avformat.h; sourceTree = "<group>"; };
		7656D213220717CD00E5FB2A /* version.h */ = {isa = PBXFileReference; fileEncoding = 4; lastKnownFileType = sourcecode.c.h; path = version.h; sourceTree = "<group>"; };
		7656D214220717CD00E5FB2A /* swscale.h */ = {isa = PBXFileReference; fileEncoding = 4; lastKnownFileType = sourcecode.c.h; path = swscale.h; sourceTree = "<group>"; };
		7656D216220717CD00E5FB2A /* avcodec.h */ = {isa = PBXFileReference; fileEncoding = 4; lastKnownFileType = sourcecode.c.h; path = avcodec.h; sourceTree = "<group>"; };
		7656D217220717CD00E5FB2A /* version.h */ = {isa = PBXFileReference; fileEncoding = 4; lastKnownFileType = sourcecode.c.h; path = version.h; sourceTree = "<group>"; };
		7656D218220717CD00E5FB2A /* vdpau.h */ = {isa = PBXFileReference; fileEncoding = 4; lastKnownFileType = sourcecode.c.h; path = vdpau.h; sourceTree = "<group>"; };
		7656D219220717CD00E5FB2A /* qsv.h */ = {isa = PBXFileReference; fileEncoding = 4; lastKnownFileType = sourcecode.c.h; path = qsv.h; sourceTree = "<group>"; };
		7656D21A220717CD00E5FB2A /* vaapi.h */ = {isa = PBXFileReference; fileEncoding = 4; lastKnownFileType = sourcecode.c.h; path = vaapi.h; sourceTree = "<group>"; };
		7656D21B220717CD00E5FB2A /* videotoolbox.h */ = {isa = PBXFileReference; fileEncoding = 4; lastKnownFileType = sourcecode.c.h; path = videotoolbox.h; sourceTree = "<group>"; };
		7656D21C220717CD00E5FB2A /* xvmc.h */ = {isa = PBXFileReference; fileEncoding = 4; lastKnownFileType = sourcecode.c.h; path = xvmc.h; sourceTree = "<group>"; };
		7656D21D220717CD00E5FB2A /* mediacodec.h */ = {isa = PBXFileReference; fileEncoding = 4; lastKnownFileType = sourcecode.c.h; path = mediacodec.h; sourceTree = "<group>"; };
		7656D21E220717CD00E5FB2A /* d3d11va.h */ = {isa = PBXFileReference; fileEncoding = 4; lastKnownFileType = sourcecode.c.h; path = d3d11va.h; sourceTree = "<group>"; };
		7656D21F220717CD00E5FB2A /* avfft.h */ = {isa = PBXFileReference; fileEncoding = 4; lastKnownFileType = sourcecode.c.h; path = avfft.h; sourceTree = "<group>"; };
		7656D220220717CD00E5FB2A /* vda.h */ = {isa = PBXFileReference; fileEncoding = 4; lastKnownFileType = sourcecode.c.h; path = vda.h; sourceTree = "<group>"; };
		7656D221220717CD00E5FB2A /* jni.h */ = {isa = PBXFileReference; fileEncoding = 4; lastKnownFileType = sourcecode.c.h; path = jni.h; sourceTree = "<group>"; };
		7656D222220717CD00E5FB2A /* dirac.h */ = {isa = PBXFileReference; fileEncoding = 4; lastKnownFileType = sourcecode.c.h; path = dirac.h; sourceTree = "<group>"; };
		7656D223220717CD00E5FB2A /* avdct.h */ = {isa = PBXFileReference; fileEncoding = 4; lastKnownFileType = sourcecode.c.h; path = avdct.h; sourceTree = "<group>"; };
		7656D224220717CD00E5FB2A /* vorbis_parser.h */ = {isa = PBXFileReference; fileEncoding = 4; lastKnownFileType = sourcecode.c.h; path = vorbis_parser.h; sourceTree = "<group>"; };
		7656D225220717CD00E5FB2A /* dxva2.h */ = {isa = PBXFileReference; fileEncoding = 4; lastKnownFileType = sourcecode.c.h; path = dxva2.h; sourceTree = "<group>"; };
		7656D226220717CD00E5FB2A /* dv_profile.h */ = {isa = PBXFileReference; fileEncoding = 4; lastKnownFileType = sourcecode.c.h; path = dv_profile.h; sourceTree = "<group>"; };
		7656D228220717CD00E5FB2A /* version.h */ = {isa = PBXFileReference; fileEncoding = 4; lastKnownFileType = sourcecode.c.h; path = version.h; sourceTree = "<group>"; };
		7656D229220717CD00E5FB2A /* swresample.h */ = {isa = PBXFileReference; fileEncoding = 4; lastKnownFileType = sourcecode.c.h; path = swresample.h; sourceTree = "<group>"; };
		7656D22B220717CD00E5FB2A /* libavutil.a */ = {isa = PBXFileReference; lastKnownFileType = archive.ar; path = libavutil.a; sourceTree = "<group>"; };
		7656D22C220717CD00E5FB2A /* libavfilter.a */ = {isa = PBXFileReference; lastKnownFileType = archive.ar; path = libavfilter.a; sourceTree = "<group>"; };
		7656D22D220717CD00E5FB2A /* libavcodec.a */ = {isa = PBXFileReference; lastKnownFileType = archive.ar; path = libavcodec.a; sourceTree = "<group>"; };
		7656D22E220717CD00E5FB2A /* libpostproc.a */ = {isa = PBXFileReference; lastKnownFileType = archive.ar; path = libpostproc.a; sourceTree = "<group>"; };
		7656D22F220717CD00E5FB2A /* libavformat.a */ = {isa = PBXFileReference; lastKnownFileType = archive.ar; path = libavformat.a; sourceTree = "<group>"; };
		7656D230220717CD00E5FB2A /* libavdevice.a */ = {isa = PBXFileReference; lastKnownFileType = archive.ar; path = libavdevice.a; sourceTree = "<group>"; };
		7656D231220717CD00E5FB2A /* libswresample.a */ = {isa = PBXFileReference; lastKnownFileType = archive.ar; path = libswresample.a; sourceTree = "<group>"; };
		7656D232220717CD00E5FB2A /* libswscale.a */ = {isa = PBXFileReference; lastKnownFileType = archive.ar; path = libswscale.a; sourceTree = "<group>"; };
		76D7E7CA2207085F00B994E4 /* Yuu.framework */ = {isa = PBXFileReference; explicitFileType = wrapper.framework; includeInIndex = 0; path = Yuu.framework; sourceTree = BUILT_PRODUCTS_DIR; };
		76D7E7CD2207085F00B994E4 /* Yuu.h */ = {isa = PBXFileReference; lastKnownFileType = sourcecode.c.h; path = Yuu.h; sourceTree = "<group>"; };
		76D7E7CE2207085F00B994E4 /* Info.plist */ = {isa = PBXFileReference; lastKnownFileType = text.plist.xml; path = Info.plist; sourceTree = "<group>"; };
		76D7E7D52207087C00B994E4 /* Render.swift */ = {isa = PBXFileReference; lastKnownFileType = sourcecode.swift; name = Render.swift; path = ../../Athena/Player/Render/Render.swift; sourceTree = "<group>"; };
		76D7E7DE22070C7D00B994E4 /* Mapping.metal */ = {isa = PBXFileReference; lastKnownFileType = sourcecode.metal; name = Mapping.metal; path = ../../Athena/Player/Render/Mapping.metal; sourceTree = "<group>"; };
		76D7E7E022070C8700B994E4 /* SCShaderType.h */ = {isa = PBXFileReference; lastKnownFileType = sourcecode.c.h; name = SCShaderType.h; path = ../../Athena/Player/Render/SCShaderType.h; sourceTree = "<group>"; };
/* End PBXFileReference section */

/* Begin PBXFrameworksBuildPhase section */
		76D7E7C72207085F00B994E4 /* Frameworks */ = {
			isa = PBXFrameworksBuildPhase;
			buildActionMask = 2147483647;
			files = (
				7656D2A3220717CE00E5FB2A /* libavfilter.a in Frameworks */,
				7656D2A5220717CE00E5FB2A /* libpostproc.a in Frameworks */,
				7656D2A2220717CE00E5FB2A /* libavutil.a in Frameworks */,
				7656D2A6220717CE00E5FB2A /* libavformat.a in Frameworks */,
				7656D2A9220717CE00E5FB2A /* libswscale.a in Frameworks */,
				7656D2A7220717CE00E5FB2A /* libavdevice.a in Frameworks */,
				7656D2A8220717CE00E5FB2A /* libswresample.a in Frameworks */,
				7656D2A4220717CE00E5FB2A /* libavcodec.a in Frameworks */,
			);
			runOnlyForDeploymentPostprocessing = 0;
		};
/* End PBXFrameworksBuildPhase section */

/* Begin PBXGroup section */
		7656D1B1220717CD00E5FB2A /* FFmpeg-iOS */ = {
			isa = PBXGroup;
			children = (
				7656D1B2220717CD00E5FB2A /* include */,
				7656D22A220717CD00E5FB2A /* lib */,
			);
			name = "FFmpeg-iOS";
			path = "../../3rd/FFmpeg-iOS";
			sourceTree = "<group>";
		};
		7656D1B2220717CD00E5FB2A /* include */ = {
			isa = PBXGroup;
			children = (
				7656D1B3220717CD00E5FB2A /* libpostproc */,
				7656D1B6220717CD00E5FB2A /* libavfilter */,
				7656D1BC220717CD00E5FB2A /* libavutil */,
				7656D20B220717CD00E5FB2A /* libavdevice */,
				7656D20E220717CD00E5FB2A /* libavformat */,
				7656D212220717CD00E5FB2A /* libswscale */,
				7656D215220717CD00E5FB2A /* libavcodec */,
				7656D227220717CD00E5FB2A /* libswresample */,
			);
			path = include;
			sourceTree = "<group>";
		};
		7656D1B3220717CD00E5FB2A /* libpostproc */ = {
			isa = PBXGroup;
			children = (
				7656D1B4220717CD00E5FB2A /* version.h */,
				7656D1B5220717CD00E5FB2A /* postprocess.h */,
			);
			path = libpostproc;
			sourceTree = "<group>";
		};
		7656D1B6220717CD00E5FB2A /* libavfilter */ = {
			isa = PBXGroup;
			children = (
				7656D1B7220717CD00E5FB2A /* version.h */,
				7656D1B8220717CD00E5FB2A /* buffersrc.h */,
				7656D1B9220717CD00E5FB2A /* buffersink.h */,
				7656D1BA220717CD00E5FB2A /* avfilter.h */,
				7656D1BB220717CD00E5FB2A /* avfiltergraph.h */,
			);
			path = libavfilter;
			sourceTree = "<group>";
		};
		7656D1BC220717CD00E5FB2A /* libavutil */ = {
			isa = PBXGroup;
			children = (
				7656D1BD220717CD00E5FB2A /* hwcontext.h */,
				7656D1BE220717CD00E5FB2A /* time.h */,
				7656D1BF220717CD00E5FB2A /* hwcontext_cuda.h */,
				7656D1C0220717CD00E5FB2A /* intfloat.h */,
				7656D1C1220717CD00E5FB2A /* error.h */,
				7656D1C2220717CD00E5FB2A /* fifo.h */,
				7656D1C3220717CD00E5FB2A /* blowfish.h */,
				7656D1C4220717CD00E5FB2A /* replaygain.h */,
				7656D1C5220717CD00E5FB2A /* version.h */,
				7656D1C6220717CD00E5FB2A /* murmur3.h */,
				7656D1C7220717CD00E5FB2A /* stereo3d.h */,
				7656D1C8220717CD00E5FB2A /* samplefmt.h */,
				7656D1C9220717CD00E5FB2A /* pixdesc.h */,
				7656D1CA220717CD00E5FB2A /* base64.h */,
				7656D1CB220717CD00E5FB2A /* rational.h */,
				7656D1CC220717CD00E5FB2A /* sha.h */,
				7656D1CD220717CD00E5FB2A /* motion_vector.h */,
				7656D1CE220717CD00E5FB2A /* avconfig.h */,
				7656D1CF220717CD00E5FB2A /* lfg.h */,
				7656D1D0220717CD00E5FB2A /* avutil.h */,
				7656D1D1220717CD00E5FB2A /* xtea.h */,
				7656D1D2220717CD00E5FB2A /* crc.h */,
				7656D1D3220717CD00E5FB2A /* hwcontext_vdpau.h */,
				7656D1D4220717CD00E5FB2A /* frame.h */,
				7656D1D5220717CD00E5FB2A /* file.h */,
				7656D1D6220717CD00E5FB2A /* md5.h */,
				7656D1D7220717CD00E5FB2A /* cast5.h */,
				7656D1D8220717CD00E5FB2A /* hwcontext_vaapi.h */,
				7656D1D9220717CD00E5FB2A /* spherical.h */,
				7656D1DA220717CD00E5FB2A /* ffversion.h */,
				7656D1DB220717CD00E5FB2A /* audio_fifo.h */,
				7656D1DC220717CD00E5FB2A /* tree.h */,
				7656D1DD220717CD00E5FB2A /* threadmessage.h */,
				7656D1DE220717CD00E5FB2A /* attributes.h */,
				7656D1DF220717CD00E5FB2A /* adler32.h */,
				7656D1E0220717CD00E5FB2A /* hwcontext_d3d11va.h */,
				7656D1E1220717CD00E5FB2A /* timecode.h */,
				7656D1E2220717CD00E5FB2A /* sha512.h */,
				7656D1E3220717CD00E5FB2A /* hwcontext_dxva2.h */,
				7656D1E4220717CD00E5FB2A /* display.h */,
				7656D1E5220717CD00E5FB2A /* buffer.h */,
				7656D1E6220717CD00E5FB2A /* camellia.h */,
				7656D1E7220717CD00E5FB2A /* pixelutils.h */,
				7656D1E8220717CD00E5FB2A /* hwcontext_drm.h */,
				7656D1E9220717CD00E5FB2A /* common.h */,
				7656D1EA220717CD00E5FB2A /* hmac.h */,
				7656D1EB220717CD00E5FB2A /* eval.h */,
				7656D1EC220717CD00E5FB2A /* dict.h */,
				7656D1ED220717CD00E5FB2A /* random_seed.h */,
				7656D1EE220717CD00E5FB2A /* opt.h */,
				7656D1EF220717CD00E5FB2A /* mastering_display_metadata.h */,
				7656D1F0220717CD00E5FB2A /* log.h */,
				7656D1F1220717CD00E5FB2A /* aes.h */,
				7656D1F2220717CD00E5FB2A /* macros.h */,
				7656D1F3220717CD00E5FB2A /* bswap.h */,
				7656D1F4220717CD00E5FB2A /* rc4.h */,
				7656D1F5220717CD00E5FB2A /* tea.h */,
				7656D1F6220717CD00E5FB2A /* cpu.h */,
				7656D1F7220717CD00E5FB2A /* lzo.h */,
				7656D1F8220717CD00E5FB2A /* des.h */,
				7656D1F9220717CD00E5FB2A /* channel_layout.h */,
				7656D1FA220717CD00E5FB2A /* twofish.h */,
				7656D1FB220717CD00E5FB2A /* imgutils.h */,
				7656D1FC220717CD00E5FB2A /* hwcontext_videotoolbox.h */,
				7656D1FD220717CD00E5FB2A /* mem.h */,
				7656D1FE220717CD00E5FB2A /* parseutils.h */,
				7656D1FF220717CD00E5FB2A /* ripemd.h */,
				7656D200220717CD00E5FB2A /* bprint.h */,
				7656D201220717CD00E5FB2A /* hwcontext_qsv.h */,
				7656D202220717CD00E5FB2A /* pixfmt.h */,
				7656D203220717CD00E5FB2A /* aes_ctr.h */,
				7656D204220717CD00E5FB2A /* timestamp.h */,
				7656D205220717CD00E5FB2A /* downmix_info.h */,
				7656D206220717CD00E5FB2A /* avassert.h */,
				7656D207220717CD00E5FB2A /* hash.h */,
				7656D208220717CD00E5FB2A /* mathematics.h */,
				7656D209220717CD00E5FB2A /* intreadwrite.h */,
				7656D20A220717CD00E5FB2A /* avstring.h */,
			);
			path = libavutil;
			sourceTree = "<group>";
		};
		7656D20B220717CD00E5FB2A /* libavdevice */ = {
			isa = PBXGroup;
			children = (
				7656D20C220717CD00E5FB2A /* version.h */,
				7656D20D220717CD00E5FB2A /* avdevice.h */,
			);
			path = libavdevice;
			sourceTree = "<group>";
		};
		7656D20E220717CD00E5FB2A /* libavformat */ = {
			isa = PBXGroup;
			children = (
				7656D20F220717CD00E5FB2A /* version.h */,
				7656D210220717CD00E5FB2A /* avio.h */,
				7656D211220717CD00E5FB2A /* avformat.h */,
			);
			path = libavformat;
			sourceTree = "<group>";
		};
		7656D212220717CD00E5FB2A /* libswscale */ = {
			isa = PBXGroup;
			children = (
				7656D213220717CD00E5FB2A /* version.h */,
				7656D214220717CD00E5FB2A /* swscale.h */,
			);
			path = libswscale;
			sourceTree = "<group>";
		};
		7656D215220717CD00E5FB2A /* libavcodec */ = {
			isa = PBXGroup;
			children = (
				7656D216220717CD00E5FB2A /* avcodec.h */,
				7656D217220717CD00E5FB2A /* version.h */,
				7656D218220717CD00E5FB2A /* vdpau.h */,
				7656D219220717CD00E5FB2A /* qsv.h */,
				7656D21A220717CD00E5FB2A /* vaapi.h */,
				7656D21B220717CD00E5FB2A /* videotoolbox.h */,
				7656D21C220717CD00E5FB2A /* xvmc.h */,
				7656D21D220717CD00E5FB2A /* mediacodec.h */,
				7656D21E220717CD00E5FB2A /* d3d11va.h */,
				7656D21F220717CD00E5FB2A /* avfft.h */,
				7656D220220717CD00E5FB2A /* vda.h */,
				7656D221220717CD00E5FB2A /* jni.h */,
				7656D222220717CD00E5FB2A /* dirac.h */,
				7656D223220717CD00E5FB2A /* avdct.h */,
				7656D224220717CD00E5FB2A /* vorbis_parser.h */,
				7656D225220717CD00E5FB2A /* dxva2.h */,
				7656D226220717CD00E5FB2A /* dv_profile.h */,
			);
			path = libavcodec;
			sourceTree = "<group>";
		};
		7656D227220717CD00E5FB2A /* libswresample */ = {
			isa = PBXGroup;
			children = (
				7656D228220717CD00E5FB2A /* version.h */,
				7656D229220717CD00E5FB2A /* swresample.h */,
			);
			path = libswresample;
			sourceTree = "<group>";
		};
		7656D22A220717CD00E5FB2A /* lib */ = {
			isa = PBXGroup;
			children = (
				7656D22B220717CD00E5FB2A /* libavutil.a */,
				7656D22C220717CD00E5FB2A /* libavfilter.a */,
				7656D22D220717CD00E5FB2A /* libavcodec.a */,
				7656D22E220717CD00E5FB2A /* libpostproc.a */,
				7656D22F220717CD00E5FB2A /* libavformat.a */,
				7656D230220717CD00E5FB2A /* libavdevice.a */,
				7656D231220717CD00E5FB2A /* libswresample.a */,
				7656D232220717CD00E5FB2A /* libswscale.a */,
			);
			path = lib;
			sourceTree = "<group>";
		};
		76D7E7C02207085F00B994E4 = {
			isa = PBXGroup;
			children = (
				76D7E7CC2207085F00B994E4 /* Yuu */,
				76D7E7CB2207085F00B994E4 /* Products */,
			);
			sourceTree = "<group>";
		};
		76D7E7CB2207085F00B994E4 /* Products */ = {
			isa = PBXGroup;
			children = (
				76D7E7CA2207085F00B994E4 /* Yuu.framework */,
			);
			name = Products;
			sourceTree = "<group>";
		};
		76D7E7CC2207085F00B994E4 /* Yuu */ = {
			isa = PBXGroup;
			children = (
				7656D1B1220717CD00E5FB2A /* FFmpeg-iOS */,
				76D7E7CD2207085F00B994E4 /* Yuu.h */,
				76D7E7D52207087C00B994E4 /* Render.swift */,
				76D7E7DE22070C7D00B994E4 /* Mapping.metal */,
				76D7E7E022070C8700B994E4 /* SCShaderType.h */,
				76D7E7CE2207085F00B994E4 /* Info.plist */,
			);
			path = Yuu;
			sourceTree = "<group>";
		};
/* End PBXGroup section */

/* Begin PBXHeadersBuildPhase section */
		76D7E7C52207085F00B994E4 /* Headers */ = {
			isa = PBXHeadersBuildPhase;
			buildActionMask = 2147483647;
			files = (
				7656D29E220717CE00E5FB2A /* dxva2.h in Headers */,
				7656D271220717CE00E5FB2A /* rc4.h in Headers */,
				7656D267220717CE00E5FB2A /* hmac.h in Headers */,
				7656D256220717CD00E5FB2A /* spherical.h in Headers */,
				7656D27D220717CE00E5FB2A /* bprint.h in Headers */,
				7656D29D220717CE00E5FB2A /* vorbis_parser.h in Headers */,
				7656D28D220717CE00E5FB2A /* version.h in Headers */,
				7656D235220717CD00E5FB2A /* version.h in Headers */,
				7656D27A220717CE00E5FB2A /* mem.h in Headers */,
				7656D26D220717CE00E5FB2A /* log.h in Headers */,
				7656D234220717CD00E5FB2A /* postprocess.h in Headers */,
				7656D27E220717CE00E5FB2A /* hwcontext_qsv.h in Headers */,
				7656D2A1220717CE00E5FB2A /* swresample.h in Headers */,
				76D7E7CF2207085F00B994E4 /* Yuu.h in Headers */,
				7656D26C220717CE00E5FB2A /* mastering_display_metadata.h in Headers */,
				7656D274220717CE00E5FB2A /* lzo.h in Headers */,
				7656D28C220717CE00E5FB2A /* avformat.h in Headers */,
				7656D29F220717CE00E5FB2A /* dv_profile.h in Headers */,
				7656D249220717CD00E5FB2A /* sha.h in Headers */,
				7656D28E220717CE00E5FB2A /* swscale.h in Headers */,
				7656D26E220717CE00E5FB2A /* aes.h in Headers */,
				7656D24C220717CD00E5FB2A /* lfg.h in Headers */,
				7656D2A0220717CE00E5FB2A /* version.h in Headers */,
				7656D276220717CE00E5FB2A /* channel_layout.h in Headers */,
				7656D24B220717CD00E5FB2A /* avconfig.h in Headers */,
				7656D243220717CD00E5FB2A /* murmur3.h in Headers */,
				7656D262220717CE00E5FB2A /* buffer.h in Headers */,
				7656D23B220717CD00E5FB2A /* time.h in Headers */,
				7656D291220717CE00E5FB2A /* vdpau.h in Headers */,
				7656D245220717CD00E5FB2A /* samplefmt.h in Headers */,
				7656D26A220717CE00E5FB2A /* random_seed.h in Headers */,
				7656D261220717CE00E5FB2A /* display.h in Headers */,
				7656D24A220717CD00E5FB2A /* motion_vector.h in Headers */,
				7656D296220717CE00E5FB2A /* mediacodec.h in Headers */,
				7656D250220717CD00E5FB2A /* hwcontext_vdpau.h in Headers */,
				7656D279220717CE00E5FB2A /* hwcontext_videotoolbox.h in Headers */,
				7656D25D220717CE00E5FB2A /* hwcontext_d3d11va.h in Headers */,
				7656D253220717CD00E5FB2A /* md5.h in Headers */,
				7656D24E220717CD00E5FB2A /* xtea.h in Headers */,
				7656D239220717CD00E5FB2A /* avfiltergraph.h in Headers */,
				7656D241220717CD00E5FB2A /* replaygain.h in Headers */,
				7656D299220717CE00E5FB2A /* vda.h in Headers */,
				7656D266220717CE00E5FB2A /* common.h in Headers */,
				7656D280220717CE00E5FB2A /* aes_ctr.h in Headers */,
				7656D29C220717CE00E5FB2A /* avdct.h in Headers */,
				7656D23F220717CD00E5FB2A /* fifo.h in Headers */,
				7656D290220717CE00E5FB2A /* version.h in Headers */,
				7656D27C220717CE00E5FB2A /* ripemd.h in Headers */,
				7656D263220717CE00E5FB2A /* camellia.h in Headers */,
				7656D23D220717CD00E5FB2A /* intfloat.h in Headers */,
				7656D244220717CD00E5FB2A /* stereo3d.h in Headers */,
				7656D29B220717CE00E5FB2A /* dirac.h in Headers */,
				7656D237220717CD00E5FB2A /* buffersink.h in Headers */,
				7656D251220717CD00E5FB2A /* frame.h in Headers */,
				7656D23C220717CD00E5FB2A /* hwcontext_cuda.h in Headers */,
				7656D272220717CE00E5FB2A /* tea.h in Headers */,
				7656D26F220717CE00E5FB2A /* macros.h in Headers */,
				7656D269220717CE00E5FB2A /* dict.h in Headers */,
				7656D284220717CE00E5FB2A /* hash.h in Headers */,
				7656D287220717CE00E5FB2A /* avstring.h in Headers */,
				7656D285220717CE00E5FB2A /* mathematics.h in Headers */,
				7656D254220717CD00E5FB2A /* cast5.h in Headers */,
				7656D26B220717CE00E5FB2A /* opt.h in Headers */,
				7656D29A220717CE00E5FB2A /* jni.h in Headers */,
				7656D277220717CE00E5FB2A /* twofish.h in Headers */,
				7656D258220717CD00E5FB2A /* audio_fifo.h in Headers */,
				7656D28F220717CE00E5FB2A /* avcodec.h in Headers */,
				7656D286220717CE00E5FB2A /* intreadwrite.h in Headers */,
				7656D295220717CE00E5FB2A /* xvmc.h in Headers */,
				7656D298220717CE00E5FB2A /* avfft.h in Headers */,
				7656D25A220717CD00E5FB2A /* threadmessage.h in Headers */,
				7656D259220717CD00E5FB2A /* tree.h in Headers */,
				7656D275220717CE00E5FB2A /* des.h in Headers */,
				7656D23A220717CD00E5FB2A /* hwcontext.h in Headers */,
				7656D278220717CE00E5FB2A /* imgutils.h in Headers */,
				7656D27B220717CE00E5FB2A /* parseutils.h in Headers */,
				7656D257220717CD00E5FB2A /* ffversion.h in Headers */,
				7656D265220717CE00E5FB2A /* hwcontext_drm.h in Headers */,
				7656D293220717CE00E5FB2A /* vaapi.h in Headers */,
				7656D24D220717CD00E5FB2A /* avutil.h in Headers */,
				7656D288220717CE00E5FB2A /* version.h in Headers */,
				7656D282220717CE00E5FB2A /* downmix_info.h in Headers */,
				7656D24F220717CD00E5FB2A /* crc.h in Headers */,
				7656D297220717CE00E5FB2A /* d3d11va.h in Headers */,
				7656D260220717CE00E5FB2A /* hwcontext_dxva2.h in Headers */,
				7656D289220717CE00E5FB2A /* avdevice.h in Headers */,
				7656D236220717CD00E5FB2A /* buffersrc.h in Headers */,
				7656D294220717CE00E5FB2A /* videotoolbox.h in Headers */,
				7656D283220717CE00E5FB2A /* avassert.h in Headers */,
				7656D25F220717CE00E5FB2A /* sha512.h in Headers */,
				7656D25E220717CE00E5FB2A /* timecode.h in Headers */,
				7656D247220717CD00E5FB2A /* base64.h in Headers */,
				7656D25C220717CE00E5FB2A /* adler32.h in Headers */,
				7656D27F220717CE00E5FB2A /* pixfmt.h in Headers */,
				7656D238220717CD00E5FB2A /* avfilter.h in Headers */,
				7656D281220717CE00E5FB2A /* timestamp.h in Headers */,
				7656D273220717CE00E5FB2A /* cpu.h in Headers */,
				7656D264220717CE00E5FB2A /* pixelutils.h in Headers */,
				7656D242220717CD00E5FB2A /* version.h in Headers */,
				7656D28B220717CE00E5FB2A /* avio.h in Headers */,
				7656D248220717CD00E5FB2A /* rational.h in Headers */,
				7656D255220717CD00E5FB2A /* hwcontext_vaapi.h in Headers */,
				7656D252220717CD00E5FB2A /* file.h in Headers */,
				7656D23E220717CD00E5FB2A /* error.h in Headers */,
				7656D233220717CD00E5FB2A /* version.h in Headers */,
				7656D270220717CE00E5FB2A /* bswap.h in Headers */,
				7656D246220717CD00E5FB2A /* pixdesc.h in Headers */,
				7656D28A220717CE00E5FB2A /* version.h in Headers */,
				7656D292220717CE00E5FB2A /* qsv.h in Headers */,
				7656D268220717CE00E5FB2A /* eval.h in Headers */,
				7656D25B220717CE00E5FB2A /* attributes.h in Headers */,
				7656D240220717CD00E5FB2A /* blowfish.h in Headers */,
				76D7E7E122070EBF00B994E4 /* SCShaderType.h in Headers */,
			);
			runOnlyForDeploymentPostprocessing = 0;
		};
/* End PBXHeadersBuildPhase section */

/* Begin PBXNativeTarget section */
		76D7E7C92207085F00B994E4 /* Yuu */ = {
			isa = PBXNativeTarget;
			buildConfigurationList = 76D7E7D22207085F00B994E4 /* Build configuration list for PBXNativeTarget "Yuu" */;
			buildPhases = (
				76D7E7C52207085F00B994E4 /* Headers */,
				76D7E7C62207085F00B994E4 /* Sources */,
				76D7E7C72207085F00B994E4 /* Frameworks */,
				76D7E7C82207085F00B994E4 /* Resources */,
			);
			buildRules = (
			);
			dependencies = (
			);
			name = Yuu;
			productName = Yuu;
			productReference = 76D7E7CA2207085F00B994E4 /* Yuu.framework */;
			productType = "com.apple.product-type.framework";
		};
/* End PBXNativeTarget section */

/* Begin PBXProject section */
		76D7E7C12207085F00B994E4 /* Project object */ = {
			isa = PBXProject;
			attributes = {
				LastUpgradeCheck = 1010;
				ORGANIZATIONNAME = Theresa;
				TargetAttributes = {
					76D7E7C92207085F00B994E4 = {
						CreatedOnToolsVersion = 10.1;
						LastSwiftMigration = 1010;
					};
				};
			};
			buildConfigurationList = 76D7E7C42207085F00B994E4 /* Build configuration list for PBXProject "Yuu" */;
			compatibilityVersion = "Xcode 9.3";
			developmentRegion = en;
			hasScannedForEncodings = 0;
			knownRegions = (
				en,
			);
			mainGroup = 76D7E7C02207085F00B994E4;
			productRefGroup = 76D7E7CB2207085F00B994E4 /* Products */;
			projectDirPath = "";
			projectRoot = "";
			targets = (
				76D7E7C92207085F00B994E4 /* Yuu */,
			);
		};
/* End PBXProject section */

/* Begin PBXResourcesBuildPhase section */
		76D7E7C82207085F00B994E4 /* Resources */ = {
			isa = PBXResourcesBuildPhase;
			buildActionMask = 2147483647;
			files = (
			);
			runOnlyForDeploymentPostprocessing = 0;
		};
/* End PBXResourcesBuildPhase section */

/* Begin PBXSourcesBuildPhase section */
		76D7E7C62207085F00B994E4 /* Sources */ = {
			isa = PBXSourcesBuildPhase;
			buildActionMask = 2147483647;
			files = (
				76D7E7DF22070C7D00B994E4 /* Mapping.metal in Sources */,
				76D7E7D62207087C00B994E4 /* Render.swift in Sources */,
			);
			runOnlyForDeploymentPostprocessing = 0;
		};
/* End PBXSourcesBuildPhase section */

/* Begin XCBuildConfiguration section */
		76D7E7D02207085F00B994E4 /* Debug */ = {
			isa = XCBuildConfiguration;
			buildSettings = {
				ALWAYS_SEARCH_USER_PATHS = NO;
				CLANG_ANALYZER_NONNULL = YES;
				CLANG_ANALYZER_NUMBER_OBJECT_CONVERSION = YES_AGGRESSIVE;
				CLANG_CXX_LANGUAGE_STANDARD = "gnu++14";
				CLANG_CXX_LIBRARY = "libc++";
				CLANG_ENABLE_MODULES = YES;
				CLANG_ENABLE_OBJC_ARC = YES;
				CLANG_ENABLE_OBJC_WEAK = YES;
				CLANG_WARN_BLOCK_CAPTURE_AUTORELEASING = YES;
				CLANG_WARN_BOOL_CONVERSION = YES;
				CLANG_WARN_COMMA = YES;
				CLANG_WARN_CONSTANT_CONVERSION = YES;
				CLANG_WARN_DEPRECATED_OBJC_IMPLEMENTATIONS = YES;
				CLANG_WARN_DIRECT_OBJC_ISA_USAGE = YES_ERROR;
				CLANG_WARN_DOCUMENTATION_COMMENTS = YES;
				CLANG_WARN_EMPTY_BODY = YES;
				CLANG_WARN_ENUM_CONVERSION = YES;
				CLANG_WARN_INFINITE_RECURSION = YES;
				CLANG_WARN_INT_CONVERSION = YES;
				CLANG_WARN_NON_LITERAL_NULL_CONVERSION = YES;
				CLANG_WARN_OBJC_IMPLICIT_RETAIN_SELF = YES;
				CLANG_WARN_OBJC_LITERAL_CONVERSION = YES;
				CLANG_WARN_OBJC_ROOT_CLASS = YES_ERROR;
				CLANG_WARN_RANGE_LOOP_ANALYSIS = YES;
				CLANG_WARN_STRICT_PROTOTYPES = YES;
				CLANG_WARN_SUSPICIOUS_MOVE = YES;
				CLANG_WARN_UNGUARDED_AVAILABILITY = YES_AGGRESSIVE;
				CLANG_WARN_UNREACHABLE_CODE = YES;
				CLANG_WARN__DUPLICATE_METHOD_MATCH = YES;
				CODE_SIGN_IDENTITY = "iPhone Developer";
				COPY_PHASE_STRIP = NO;
				CURRENT_PROJECT_VERSION = 1;
				DEBUG_INFORMATION_FORMAT = dwarf;
				ENABLE_STRICT_OBJC_MSGSEND = YES;
				ENABLE_TESTABILITY = YES;
				GCC_C_LANGUAGE_STANDARD = gnu11;
				GCC_DYNAMIC_NO_PIC = NO;
				GCC_NO_COMMON_BLOCKS = YES;
				GCC_OPTIMIZATION_LEVEL = 0;
				GCC_PREPROCESSOR_DEFINITIONS = (
					"DEBUG=1",
					"$(inherited)",
				);
				GCC_WARN_64_TO_32_BIT_CONVERSION = YES;
				GCC_WARN_ABOUT_RETURN_TYPE = YES_ERROR;
				GCC_WARN_UNDECLARED_SELECTOR = YES;
				GCC_WARN_UNINITIALIZED_AUTOS = YES_AGGRESSIVE;
				GCC_WARN_UNUSED_FUNCTION = YES;
				GCC_WARN_UNUSED_VARIABLE = YES;
				IPHONEOS_DEPLOYMENT_TARGET = 12.1;
				MTL_ENABLE_DEBUG_INFO = INCLUDE_SOURCE;
				MTL_FAST_MATH = YES;
				ONLY_ACTIVE_ARCH = YES;
				SDKROOT = iphoneos;
				SWIFT_ACTIVE_COMPILATION_CONDITIONS = DEBUG;
				SWIFT_OPTIMIZATION_LEVEL = "-Onone";
				VERSIONING_SYSTEM = "apple-generic";
				VERSION_INFO_PREFIX = "";
			};
			name = Debug;
		};
		76D7E7D12207085F00B994E4 /* Release */ = {
			isa = XCBuildConfiguration;
			buildSettings = {
				ALWAYS_SEARCH_USER_PATHS = NO;
				CLANG_ANALYZER_NONNULL = YES;
				CLANG_ANALYZER_NUMBER_OBJECT_CONVERSION = YES_AGGRESSIVE;
				CLANG_CXX_LANGUAGE_STANDARD = "gnu++14";
				CLANG_CXX_LIBRARY = "libc++";
				CLANG_ENABLE_MODULES = YES;
				CLANG_ENABLE_OBJC_ARC = YES;
				CLANG_ENABLE_OBJC_WEAK = YES;
				CLANG_WARN_BLOCK_CAPTURE_AUTORELEASING = YES;
				CLANG_WARN_BOOL_CONVERSION = YES;
				CLANG_WARN_COMMA = YES;
				CLANG_WARN_CONSTANT_CONVERSION = YES;
				CLANG_WARN_DEPRECATED_OBJC_IMPLEMENTATIONS = YES;
				CLANG_WARN_DIRECT_OBJC_ISA_USAGE = YES_ERROR;
				CLANG_WARN_DOCUMENTATION_COMMENTS = YES;
				CLANG_WARN_EMPTY_BODY = YES;
				CLANG_WARN_ENUM_CONVERSION = YES;
				CLANG_WARN_INFINITE_RECURSION = YES;
				CLANG_WARN_INT_CONVERSION = YES;
				CLANG_WARN_NON_LITERAL_NULL_CONVERSION = YES;
				CLANG_WARN_OBJC_IMPLICIT_RETAIN_SELF = YES;
				CLANG_WARN_OBJC_LITERAL_CONVERSION = YES;
				CLANG_WARN_OBJC_ROOT_CLASS = YES_ERROR;
				CLANG_WARN_RANGE_LOOP_ANALYSIS = YES;
				CLANG_WARN_STRICT_PROTOTYPES = YES;
				CLANG_WARN_SUSPICIOUS_MOVE = YES;
				CLANG_WARN_UNGUARDED_AVAILABILITY = YES_AGGRESSIVE;
				CLANG_WARN_UNREACHABLE_CODE = YES;
				CLANG_WARN__DUPLICATE_METHOD_MATCH = YES;
				CODE_SIGN_IDENTITY = "iPhone Developer";
				COPY_PHASE_STRIP = NO;
				CURRENT_PROJECT_VERSION = 1;
				DEBUG_INFORMATION_FORMAT = "dwarf-with-dsym";
				ENABLE_NS_ASSERTIONS = NO;
				ENABLE_STRICT_OBJC_MSGSEND = YES;
				GCC_C_LANGUAGE_STANDARD = gnu11;
				GCC_NO_COMMON_BLOCKS = YES;
				GCC_WARN_64_TO_32_BIT_CONVERSION = YES;
				GCC_WARN_ABOUT_RETURN_TYPE = YES_ERROR;
				GCC_WARN_UNDECLARED_SELECTOR = YES;
				GCC_WARN_UNINITIALIZED_AUTOS = YES_AGGRESSIVE;
				GCC_WARN_UNUSED_FUNCTION = YES;
				GCC_WARN_UNUSED_VARIABLE = YES;
				IPHONEOS_DEPLOYMENT_TARGET = 12.1;
				MTL_ENABLE_DEBUG_INFO = NO;
				MTL_FAST_MATH = YES;
				SDKROOT = iphoneos;
				SWIFT_COMPILATION_MODE = wholemodule;
				SWIFT_OPTIMIZATION_LEVEL = "-O";
				VALIDATE_PRODUCT = YES;
				VERSIONING_SYSTEM = "apple-generic";
				VERSION_INFO_PREFIX = "";
			};
			name = Release;
		};
		76D7E7D32207085F00B994E4 /* Debug */ = {
			isa = XCBuildConfiguration;
			buildSettings = {
				CLANG_ALLOW_NON_MODULAR_INCLUDES_IN_FRAMEWORK_MODULES = YES;
				CLANG_ENABLE_MODULES = YES;
				CODE_SIGN_IDENTITY = "";
				CODE_SIGN_STYLE = Automatic;
				DEFINES_MODULE = YES;
				DEVELOPMENT_TEAM = F72NM3PQH6;
				DYLIB_COMPATIBILITY_VERSION = 1;
				DYLIB_CURRENT_VERSION = 1;
				DYLIB_INSTALL_NAME_BASE = "@rpath";
				INFOPLIST_FILE = Yuu/Info.plist;
				INSTALL_PATH = "$(LOCAL_LIBRARY_DIR)/Frameworks";
				LD_RUNPATH_SEARCH_PATHS = (
					"$(inherited)",
					"@executable_path/Frameworks",
					"@loader_path/Frameworks",
				);
				PRODUCT_BUNDLE_IDENTIFIER = com.Theresa.Yuu;
				PRODUCT_NAME = "$(TARGET_NAME:c99extidentifier)";
				SKIP_INSTALL = YES;
				SWIFT_OBJC_BRIDGING_HEADER = "";
				SWIFT_OPTIMIZATION_LEVEL = "-Onone";
				SWIFT_VERSION = 4.2;
				TARGETED_DEVICE_FAMILY = "1,2";
			};
			name = Debug;
		};
		76D7E7D42207085F00B994E4 /* Release */ = {
			isa = XCBuildConfiguration;
			buildSettings = {
				CLANG_ALLOW_NON_MODULAR_INCLUDES_IN_FRAMEWORK_MODULES = YES;
				CLANG_ENABLE_MODULES = YES;
				CODE_SIGN_IDENTITY = "";
				CODE_SIGN_STYLE = Automatic;
				DEFINES_MODULE = YES;
				DEVELOPMENT_TEAM = F72NM3PQH6;
				DYLIB_COMPATIBILITY_VERSION = 1;
				DYLIB_CURRENT_VERSION = 1;
				DYLIB_INSTALL_NAME_BASE = "@rpath";
				INFOPLIST_FILE = Yuu/Info.plist;
				INSTALL_PATH = "$(LOCAL_LIBRARY_DIR)/Frameworks";
				LD_RUNPATH_SEARCH_PATHS = (
					"$(inherited)",
					"@executable_path/Frameworks",
					"@loader_path/Frameworks",
				);
				PRODUCT_BUNDLE_IDENTIFIER = com.Theresa.Yuu;
				PRODUCT_NAME = "$(TARGET_NAME:c99extidentifier)";
				SKIP_INSTALL = YES;
				SWIFT_OBJC_BRIDGING_HEADER = "";
				SWIFT_VERSION = 4.2;
				TARGETED_DEVICE_FAMILY = "1,2";
			};
			name = Release;
		};
/* End XCBuildConfiguration section */

/* Begin XCConfigurationList section */
		76D7E7C42207085F00B994E4 /* Build configuration list for PBXProject "Yuu" */ = {
			isa = XCConfigurationList;
			buildConfigurations = (
				76D7E7D02207085F00B994E4 /* Debug */,
				76D7E7D12207085F00B994E4 /* Release */,
			);
			defaultConfigurationIsVisible = 0;
			defaultConfigurationName = Release;
		};
		76D7E7D22207085F00B994E4 /* Build configuration list for PBXNativeTarget "Yuu" */ = {
			isa = XCConfigurationList;
			buildConfigurations = (
				76D7E7D32207085F00B994E4 /* Debug */,
				76D7E7D42207085F00B994E4 /* Release */,
			);
			defaultConfigurationIsVisible = 0;
			defaultConfigurationName = Release;
		};
/* End XCConfigurationList section */
	};
	rootObject = 76D7E7C12207085F00B994E4 /* Project object */;
}
